// !$*UTF8*$!
{
	archiveVersion = 1;
	classes = {
	};
	objectVersion = 55;
	objects = {

/* Begin PBXBuildFile section */
		8C12403B2769A1D1004A2CAC /* WelcomeView.swift in Sources */ = {isa = PBXBuildFile; fileRef = 8C12403A2769A1D1004A2CAC /* WelcomeView.swift */; };
		8C5DE2AB274CA3A200449057 /* iPadFirstAppApp.swift in Sources */ = {isa = PBXBuildFile; fileRef = 8C5DE2AA274CA3A200449057 /* iPadFirstAppApp.swift */; };
		8C5DE2AF274CA3A300449057 /* Assets.xcassets in Resources */ = {isa = PBXBuildFile; fileRef = 8C5DE2AE274CA3A300449057 /* Assets.xcassets */; };
		8C5DE2B2274CA3A300449057 /* Preview Assets.xcassets in Resources */ = {isa = PBXBuildFile; fileRef = 8C5DE2B1274CA3A300449057 /* Preview Assets.xcassets */; };
		8C80959D27719C2A00BFE446 /* RegisterScreen.swift in Sources */ = {isa = PBXBuildFile; fileRef = 8C80959C27719C2A00BFE446 /* RegisterScreen.swift */; };
		8C9ADADD27573BE200E07A79 /* ArticleModel.swift in Sources */ = {isa = PBXBuildFile; fileRef = 8C9ADADC27573BE200E07A79 /* ArticleModel.swift */; };
		8C9ADADF27573CF200E07A79 /* PracticLazyVGrid.swift in Sources */ = {isa = PBXBuildFile; fileRef = 8C9ADADE27573CF100E07A79 /* PracticLazyVGrid.swift */; };
		8C9ADAE127573F2000E07A79 /* DataModeling.swift in Sources */ = {isa = PBXBuildFile; fileRef = 8C9ADAE027573F2000E07A79 /* DataModeling.swift */; };
/* End PBXBuildFile section */

/* Begin PBXFileReference section */
		8C12403A2769A1D1004A2CAC /* WelcomeView.swift */ = {isa = PBXFileReference; lastKnownFileType = sourcecode.swift; path = WelcomeView.swift; sourceTree = "<group>"; };
		8C5DE2A7274CA3A200449057 /* iPadFirstApp.app */ = {isa = PBXFileReference; explicitFileType = wrapper.application; includeInIndex = 0; path = iPadFirstApp.app; sourceTree = BUILT_PRODUCTS_DIR; };
		8C5DE2AA274CA3A200449057 /* iPadFirstAppApp.swift */ = {isa = PBXFileReference; lastKnownFileType = sourcecode.swift; path = iPadFirstAppApp.swift; sourceTree = "<group>"; };
		8C5DE2AE274CA3A300449057 /* Assets.xcassets */ = {isa = PBXFileReference; lastKnownFileType = folder.assetcatalog; path = Assets.xcassets; sourceTree = "<group>"; };
		8C5DE2B1274CA3A300449057 /* Preview Assets.xcassets */ = {isa = PBXFileReference; lastKnownFileType = folder.assetcatalog; path = "Preview Assets.xcassets"; sourceTree = "<group>"; };
		8C80959C27719C2A00BFE446 /* RegisterScreen.swift */ = {isa = PBXFileReference; lastKnownFileType = sourcecode.swift; path = RegisterScreen.swift; sourceTree = "<group>"; };
		8C9ADADC27573BE200E07A79 /* ArticleModel.swift */ = {isa = PBXFileReference; lastKnownFileType = sourcecode.swift; path = ArticleModel.swift; sourceTree = "<group>"; };
		8C9ADADE27573CF100E07A79 /* PracticLazyVGrid.swift */ = {isa = PBXFileReference; lastKnownFileType = sourcecode.swift; path = PracticLazyVGrid.swift; sourceTree = "<group>"; };
		8C9ADAE027573F2000E07A79 /* DataModeling.swift */ = {isa = PBXFileReference; lastKnownFileType = sourcecode.swift; path = DataModeling.swift; sourceTree = "<group>"; };
/* End PBXFileReference section */

/* Begin PBXFrameworksBuildPhase section */
		8C5DE2A4274CA3A200449057 /* Frameworks */ = {
			isa = PBXFrameworksBuildPhase;
			buildActionMask = 2147483647;
			files = (
			);
			runOnlyForDeploymentPostprocessing = 0;
		};
/* End PBXFrameworksBuildPhase section */

/* Begin PBXGroup section */
		8C5DE29E274CA3A200449057 = {
			isa = PBXGroup;
			children = (
				8C5DE2A9274CA3A200449057 /* iPadFirstApp */,
				8C5DE2A8274CA3A200449057 /* Products */,
			);
			sourceTree = "<group>";
		};
		8C5DE2A8274CA3A200449057 /* Products */ = {
			isa = PBXGroup;
			children = (
				8C5DE2A7274CA3A200449057 /* iPadFirstApp.app */,
			);
			name = Products;
			sourceTree = "<group>";
		};
		8C5DE2A9274CA3A200449057 /* iPadFirstApp */ = {
			isa = PBXGroup;
			children = (
				8C5DE2AA274CA3A200449057 /* iPadFirstAppApp.swift */,
				8C9ADADC27573BE200E07A79 /* ArticleModel.swift */,
				8C9ADADE27573CF100E07A79 /* PracticLazyVGrid.swift */,
				8C5DE2AE274CA3A300449057 /* Assets.xcassets */,
				8C5DE2B0274CA3A300449057 /* Preview Content */,
				8C9ADAE027573F2000E07A79 /* DataModeling.swift */,
				8C12403A2769A1D1004A2CAC /* WelcomeView.swift */,
				8C80959C27719C2A00BFE446 /* RegisterScreen.swift */,
			);
			path = iPadFirstApp;
			sourceTree = "<group>";
		};
		8C5DE2B0274CA3A300449057 /* Preview Content */ = {
			isa = PBXGroup;
			children = (
				8C5DE2B1274CA3A300449057 /* Preview Assets.xcassets */,
			);
			path = "Preview Content";
			sourceTree = "<group>";
		};
/* End PBXGroup section */

/* Begin PBXNativeTarget section */
		8C5DE2A6274CA3A200449057 /* iPadFirstApp */ = {
			isa = PBXNativeTarget;
			buildConfigurationList = 8C5DE2B5274CA3A300449057 /* Build configuration list for PBXNativeTarget "iPadFirstApp" */;
			buildPhases = (
				8C5DE2A3274CA3A200449057 /* Sources */,
				8C5DE2A4274CA3A200449057 /* Frameworks */,
				8C5DE2A5274CA3A200449057 /* Resources */,
			);
			buildRules = (
			);
			dependencies = (
			);
			name = iPadFirstApp;
			productName = iPadFirstApp;
			productReference = 8C5DE2A7274CA3A200449057 /* iPadFirstApp.app */;
			productType = "com.apple.product-type.application";
		};
/* End PBXNativeTarget section */

/* Begin PBXProject section */
		8C5DE29F274CA3A200449057 /* Project object */ = {
			isa = PBXProject;
			attributes = {
				BuildIndependentTargetsInParallel = 1;
				LastSwiftUpdateCheck = 1300;
				LastUpgradeCheck = 1300;
				TargetAttributes = {
					8C5DE2A6274CA3A200449057 = {
						CreatedOnToolsVersion = 13.0;
					};
				};
			};
			buildConfigurationList = 8C5DE2A2274CA3A200449057 /* Build configuration list for PBXProject "iPadFirstApp" */;
			compatibilityVersion = "Xcode 13.0";
			developmentRegion = en;
			hasScannedForEncodings = 0;
			knownRegions = (
				en,
				Base,
			);
			mainGroup = 8C5DE29E274CA3A200449057;
			productRefGroup = 8C5DE2A8274CA3A200449057 /* Products */;
			projectDirPath = "";
			projectRoot = "";
			targets = (
				8C5DE2A6274CA3A200449057 /* iPadFirstApp */,
			);
		};
/* End PBXProject section */

/* Begin PBXResourcesBuildPhase section */
		8C5DE2A5274CA3A200449057 /* Resources */ = {
			isa = PBXResourcesBuildPhase;
			buildActionMask = 2147483647;
			files = (
				8C5DE2B2274CA3A300449057 /* Preview Assets.xcassets in Resources */,
				8C5DE2AF274CA3A300449057 /* Assets.xcassets in Resources */,
			);
			runOnlyForDeploymentPostprocessing = 0;
		};
/* End PBXResourcesBuildPhase section */

/* Begin PBXSourcesBuildPhase section */
		8C5DE2A3274CA3A200449057 /* Sources */ = {
			isa = PBXSourcesBuildPhase;
			buildActionMask = 2147483647;
			files = (
				8C80959D27719C2A00BFE446 /* RegisterScreen.swift in Sources */,
				8C9ADAE127573F2000E07A79 /* DataModeling.swift in Sources */,
				8C12403B2769A1D1004A2CAC /* WelcomeView.swift in Sources */,
				8C9ADADD27573BE200E07A79 /* ArticleModel.swift in Sources */,
				8C5DE2AB274CA3A200449057 /* iPadFirstAppApp.swift in Sources */,
				8C9ADADF27573CF200E07A79 /* PracticLazyVGrid.swift in Sources */,
			);
			runOnlyForDeploymentPostprocessing = 0;
		};
/* End PBXSourcesBuildPhase section */

/* Begin XCBuildConfiguration section */
		8C5DE2B3274CA3A300449057 /* Debug */ = {
			isa = XCBuildConfiguration;
			buildSettings = {
				ALWAYS_SEARCH_USER_PATHS = NO;
				CLANG_ANALYZER_NONNULL = YES;
				CLANG_ANALYZER_NUMBER_OBJECT_CONVERSION = YES_AGGRESSIVE;
				CLANG_CXX_LANGUAGE_STANDARD = "gnu++17";
				CLANG_CXX_LIBRARY = "libc++";
				CLANG_ENABLE_MODULES = YES;
				CLANG_ENABLE_OBJC_ARC = YES;
				CLANG_ENABLE_OBJC_WEAK = YES;
				CLANG_WARN_BLOCK_CAPTURE_AUTORELEASING = YES;
				CLANG_WARN_BOOL_CONVERSION = YES;
				CLANG_WARN_COMMA = YES;
				CLANG_WARN_CONSTANT_CONVERSION = YES;
				CLANG_WARN_DEPRECATED_OBJC_IMPLEMENTATIONS = YES;
				CLANG_WARN_DIRECT_OBJC_ISA_USAGE = YES_ERROR;
				CLANG_WARN_DOCUMENTATION_COMMENTS = YES;
				CLANG_WARN_EMPTY_BODY = YES;
				CLANG_WARN_ENUM_CONVERSION = YES;
				CLANG_WARN_INFINITE_RECURSION = YES;
				CLANG_WARN_INT_CONVERSION = YES;
				CLANG_WARN_NON_LITERAL_NULL_CONVERSION = YES;
				CLANG_WARN_OBJC_IMPLICIT_RETAIN_SELF = YES;
				CLANG_WARN_OBJC_LITERAL_CONVERSION = YES;
				CLANG_WARN_OBJC_ROOT_CLASS = YES_ERROR;
				CLANG_WARN_QUOTED_INCLUDE_IN_FRAMEWORK_HEADER = YES;
				CLANG_WARN_RANGE_LOOP_ANALYSIS = YES;
				CLANG_WARN_STRICT_PROTOTYPES = YES;
				CLANG_WARN_SUSPICIOUS_MOVE = YES;
				CLANG_WARN_UNGUARDED_AVAILABILITY = YES_AGGRESSIVE;
				CLANG_WARN_UNREACHABLE_CODE = YES;
				CLANG_WARN__DUPLICATE_METHOD_MATCH = YES;
				COPY_PHASE_STRIP = NO;
				DEBUG_INFORMATION_FORMAT = dwarf;
				ENABLE_STRICT_OBJC_MSGSEND = YES;
				ENABLE_TESTABILITY = YES;
				GCC_C_LANGUAGE_STANDARD = gnu11;
				GCC_DYNAMIC_NO_PIC = NO;
				GCC_NO_COMMON_BLOCKS = YES;
				GCC_OPTIMIZATION_LEVEL = 0;
				GCC_PREPROCESSOR_DEFINITIONS = (
					"DEBUG=1",
					"$(inherited)",
				);
				GCC_WARN_64_TO_32_BIT_CONVERSION = YES;
				GCC_WARN_ABOUT_RETURN_TYPE = YES_ERROR;
				GCC_WARN_UNDECLARED_SELECTOR = YES;
				GCC_WARN_UNINITIALIZED_AUTOS = YES_AGGRESSIVE;
				GCC_WARN_UNUSED_FUNCTION = YES;
				GCC_WARN_UNUSED_VARIABLE = YES;
				IPHONEOS_DEPLOYMENT_TARGET = 15.0;
				MTL_ENABLE_DEBUG_INFO = INCLUDE_SOURCE;
				MTL_FAST_MATH = YES;
				ONLY_ACTIVE_ARCH = YES;
				SDKROOT = iphoneos;
				SWIFT_ACTIVE_COMPILATION_CONDITIONS = DEBUG;
				SWIFT_OPTIMIZATION_LEVEL = "-Onone";
			};
			name = Debug;
		};
		8C5DE2B4274CA3A300449057 /* Release */ = {
			isa = XCBuildConfiguration;
			buildSettings = {
				ALWAYS_SEARCH_USER_PATHS = NO;
				CLANG_ANALYZER_NONNULL = YES;
				CLANG_ANALYZER_NUMBER_OBJECT_CONVERSION = YES_AGGRESSIVE;
				CLANG_CXX_LANGUAGE_STANDARD = "gnu++17";
				CLANG_CXX_LIBRARY = "libc++";
				CLANG_ENABLE_MODULES = YES;
				CLANG_ENABLE_OBJC_ARC = YES;
				CLANG_ENABLE_OBJC_WEAK = YES;
				CLANG_WARN_BLOCK_CAPTURE_AUTORELEASING = YES;
				CLANG_WARN_BOOL_CONVERSION = YES;
				CLANG_WARN_COMMA = YES;
				CLANG_WARN_CONSTANT_CONVERSION = YES;
				CLANG_WARN_DEPRECATED_OBJC_IMPLEMENTATIONS = YES;
				CLANG_WARN_DIRECT_OBJC_ISA_USAGE = YES_ERROR;
				CLANG_WARN_DOCUMENTATION_COMMENTS = YES;
				CLANG_WARN_EMPTY_BODY = YES;
				CLANG_WARN_ENUM_CONVERSION = YES;
				CLANG_WARN_INFINITE_RECURSION = YES;
				CLANG_WARN_INT_CONVERSION = YES;
				CLANG_WARN_NON_LITERAL_NULL_CONVERSION = YES;
				CLANG_WARN_OBJC_IMPLICIT_RETAIN_SELF = YES;
				CLANG_WARN_OBJC_LITERAL_CONVERSION = YES;
				CLANG_WARN_OBJC_ROOT_CLASS = YES_ERROR;
				CLANG_WARN_QUOTED_INCLUDE_IN_FRAMEWORK_HEADER = YES;
				CLANG_WARN_RANGE_LOOP_ANALYSIS = YES;
				CLANG_WARN_STRICT_PROTOTYPES = YES;
				CLANG_WARN_SUSPICIOUS_MOVE = YES;
				CLANG_WARN_UNGUARDED_AVAILABILITY = YES_AGGRESSIVE;
				CLANG_WARN_UNREACHABLE_CODE = YES;
				CLANG_WARN__DUPLICATE_METHOD_MATCH = YES;
				COPY_PHASE_STRIP = NO;
				DEBUG_INFORMATION_FORMAT = "dwarf-with-dsym";
				ENABLE_NS_ASSERTIONS = NO;
				ENABLE_STRICT_OBJC_MSGSEND = YES;
				GCC_C_LANGUAGE_STANDARD = gnu11;
				GCC_NO_COMMON_BLOCKS = YES;
				GCC_WARN_64_TO_32_BIT_CONVERSION = YES;
				GCC_WARN_ABOUT_RETURN_TYPE = YES_ERROR;
				GCC_WARN_UNDECLARED_SELECTOR = YES;
				GCC_WARN_UNINITIALIZED_AUTOS = YES_AGGRESSIVE;
				GCC_WARN_UNUSED_FUNCTION = YES;
				GCC_WARN_UNUSED_VARIABLE = YES;
				IPHONEOS_DEPLOYMENT_TARGET = 15.0;
				MTL_ENABLE_DEBUG_INFO = NO;
				MTL_FAST_MATH = YES;
				SDKROOT = iphoneos;
				SWIFT_COMPILATION_MODE = wholemodule;
				SWIFT_OPTIMIZATION_LEVEL = "-O";
				VALIDATE_PRODUCT = YES;
			};
			name = Release;
		};
		8C5DE2B6274CA3A300449057 /* Debug */ = {
			isa = XCBuildConfiguration;
			buildSettings = {
				ASSETCATALOG_COMPILER_APPICON_NAME = AppIcon;
				ASSETCATALOG_COMPILER_GLOBAL_ACCENT_COLOR_NAME = AccentColor;
				CODE_SIGN_STYLE = Automatic;
				CURRENT_PROJECT_VERSION = 1;
				DEVELOPMENT_ASSET_PATHS = "\"iPadFirstApp/Preview Content\"";
				DEVELOPMENT_TEAM = C3LPWH6A88;
				ENABLE_PREVIEWS = YES;
				GENERATE_INFOPLIST_FILE = YES;
				INFOPLIST_KEY_UIApplicationSceneManifest_Generation = YES;
				INFOPLIST_KEY_UIApplicationSupportsIndirectInputEvents = YES;
				INFOPLIST_KEY_UILaunchScreen_Generation = YES;
				INFOPLIST_KEY_UISupportedInterfaceOrientations_iPad = "UIInterfaceOrientationPortrait UIInterfaceOrientationPortraitUpsideDown UIInterfaceOrientationLandscapeLeft UIInterfaceOrientationLandscapeRight";
				INFOPLIST_KEY_UISupportedInterfaceOrientations_iPhone = "UIInterfaceOrientationPortrait UIInterfaceOrientationLandscapeLeft UIInterfaceOrientationLandscapeRight";
				IPHONEOS_DEPLOYMENT_TARGET = 14.0;
				LD_RUNPATH_SEARCH_PATHS = (
					"$(inherited)",
					"@executable_path/Frameworks",
				);
				MARKETING_VERSION = 1.0;
				PRODUCT_BUNDLE_IDENTIFIER = mm.iPadFirstApp;
				PRODUCT_NAME = "$(TARGET_NAME)";
				SWIFT_EMIT_LOC_STRINGS = YES;
				SWIFT_VERSION = 5.0;
				TARGETED_DEVICE_FAMILY = "1,2";
			};
			name = Debug;
		};
		8C5DE2B7274CA3A300449057 /* Release */ = {
			isa = XCBuildConfiguration;
			buildSettings = {
				ASSETCATALOG_COMPILER_APPICON_NAME = AppIcon;
				ASSETCATALOG_COMPILER_GLOBAL_ACCENT_COLOR_NAME = AccentColor;
				CODE_SIGN_STYLE = Automatic;
				CURRENT_PROJECT_VERSION = 1;
				DEVELOPMENT_ASSET_PATHS = "\"iPadFirstApp/Preview Content\"";
				DEVELOPMENT_TEAM = C3LPWH6A88;
				ENABLE_PREVIEWS = YES;
				GENERATE_INFOPLIST_FILE = YES;
				INFOPLIST_KEY_UIApplicationSceneManifest_Generation = YES;
				INFOPLIST_KEY_UIApplicationSupportsIndirectInputEvents = YES;
				INFOPLIST_KEY_UILaunchScreen_Generation = YES;
				INFOPLIST_KEY_UISupportedInterfaceOrientations_iPad = "UIInterfaceOrientationPortrait UIInterfaceOrientationPortraitUpsideDown UIInterfaceOrientationLandscapeLeft UIInterfaceOrientationLandscapeRight";
				INFOPLIST_KEY_UISupportedInterfaceOrientations_iPhone = "UIInterfaceOrientationPortrait UIInterfaceOrientationLandscapeLeft UIInterfaceOrientationLandscapeRight";
				IPHONEOS_DEPLOYMENT_TARGET = 14.0;
				LD_RUNPATH_SEARCH_PATHS = (
					"$(inherited)",
					"@executable_path/Frameworks",
				);
				MARKETING_VERSION = 1.0;
				PRODUCT_BUNDLE_IDENTIFIER = mm.iPadFirstApp;
				PRODUCT_NAME = "$(TARGET_NAME)";
				SWIFT_EMIT_LOC_STRINGS = YES;
				SWIFT_VERSION = 5.0;
				TARGETED_DEVICE_FAMILY = "1,2";
			};
			name = Release;
		};
/* End XCBuildConfiguration section */

/* Begin XCConfigurationList section */
		8C5DE2A2274CA3A200449057 /* Build configuration list for PBXProject "iPadFirstApp" */ = {
			isa = XCConfigurationList;
			buildConfigurations = (
				8C5DE2B3274CA3A300449057 /* Debug */,
				8C5DE2B4274CA3A300449057 /* Release */,
			);
			defaultConfigurationIsVisible = 0;
			defaultConfigurationName = Release;
		};
		8C5DE2B5274CA3A300449057 /* Build configuration list for PBXNativeTarget "iPadFirstApp" */ = {
			isa = XCConfigurationList;
			buildConfigurations = (
				8C5DE2B6274CA3A300449057 /* Debug */,
				8C5DE2B7274CA3A300449057 /* Release */,
			);
			defaultConfigurationIsVisible = 0;
			defaultConfigurationName = Release;
		};
/* End XCConfigurationList section */
	};
	rootObject = 8C5DE29F274CA3A200449057 /* Project object */;
}
